
Microsoft Visual Studio Solution File, Format Version 12.00
# Visual Studio Version 17
VisualStudioVersion = 17.14.36518.9
MinimumVisualStudioVersion = 10.0.40219.1
Project("{FAE04EC0-301F-11D3-BF4B-00C04F79EFBC}") = "Tyuiu.LyzhinIN.Sprint1.Task0.V10.Test", "Tyuiu.LyzhinIN.Sprint1.Task0.V10.Test\Tyuiu.LyzhinIN.Sprint1.Task0.V10.Test.csproj", "{D356C3DC-B2C4-4651-9459-1CB594E240CA}"
EndProject
Project("{FAE04EC0-301F-11D3-BF4B-00C04F79EFBC}") = "Tyuiu.LyzhinIN.Sprint1.Task0.V10", "Tyuiu.LyzhinIN.Sprint1.Task0.V10\Tyuiu.LyzhinIN.Sprint1.Task0.V10.csproj", "{81B27D23-FEB2-4A78-8058-97CDA91DD5F1}"
EndProject
Project("{2150E333-8FDC-42A3-9474-1A3956D46DE8}") = "Task0", "Task0", "{02EA681E-C7D8-13C7-8484-4AC65E1B71E8}"
EndProject
Project("{FAE04EC0-301F-11D3-BF4B-00C04F79EFBC}") = "Tyuiu.LyzhinIN.Sprint1.Task0.V10.Lib", "Tyuiu.LyzhinIN.Sprint1.Task0.V10.Lib\Tyuiu.LyzhinIN.Sprint1.Task0.V10.Lib.csproj", "{8FA192B7-BF75-4CAA-872C-3F2DEE07B792}"
EndProject
Project("{2150E333-8FDC-42A3-9474-1A3956D46DE8}") = "Task1", "Task1", "{4940FA41-7084-4B01-B97F-E7D3540AC829}"
EndProject
Project("{FAE04EC0-301F-11D3-BF4B-00C04F79EFBC}") = "Tyuiu.LyzhinIN.Sprint1.Task1.V15", "Tyuiu.LyzhinIN.Sprint1.Task1.V15\Tyuiu.LyzhinIN.Sprint1.Task1.V15.csproj", "{AEBF90C7-91BD-4BF6-96DB-64F8AC81701E}"
EndProject
Project("{FAE04EC0-301F-11D3-BF4B-00C04F79EFBC}") = "Tyuiu.LyzhinIN.Sprint1.Task1.V15.Test", "Tyuiu.LyzhinIN.Sprint1.Task1.V15.Test\Tyuiu.LyzhinIN.Sprint1.Task1.V15.Test.csproj", "{9CA0F0D7-1DC5-4651-894D-C82289DCFBBB}"
EndProject
Project("{FAE04EC0-301F-11D3-BF4B-00C04F79EFBC}") = "Tyuiu.LyzhinIN.Sprint1.Task1.V15.Lib", "Tyuiu.LyzhinIN.Sprint1.Task1.V15.Lib\Tyuiu.LyzhinIN.Sprint1.Task1.V15.Lib.csproj", "{249C45E7-B51C-4A79-B0F1-7C46BB66C26B}"
EndProject
Global
	GlobalSection(SolutionConfigurationPlatforms) = preSolution
		Debug|Any CPU = Debug|Any CPU
		Release|Any CPU = Release|Any CPU
	EndGlobalSection
	GlobalSection(ProjectConfigurationPlatforms) = postSolution
		{D356C3DC-B2C4-4651-9459-1CB594E240CA}.Debug|Any CPU.ActiveCfg = Debug|Any CPU
		{D356C3DC-B2C4-4651-9459-1CB594E240CA}.Debug|Any CPU.Build.0 = Debug|Any CPU
		{D356C3DC-B2C4-4651-9459-1CB594E240CA}.Release|Any CPU.ActiveCfg = Release|Any CPU
		{D356C3DC-B2C4-4651-9459-1CB594E240CA}.Release|Any CPU.Build.0 = Release|Any CPU
		{81B27D23-FEB2-4A78-8058-97CDA91DD5F1}.Debug|Any CPU.ActiveCfg = Debug|Any CPU
		{81B27D23-FEB2-4A78-8058-97CDA91DD5F1}.Debug|Any CPU.Build.0 = Debug|Any CPU
		{81B27D23-FEB2-4A78-8058-97CDA91DD5F1}.Release|Any CPU.ActiveCfg = Release|Any CPU
		{81B27D23-FEB2-4A78-8058-97CDA91DD5F1}.Release|Any CPU.Build.0 = Release|Any CPU
		{8FA192B7-BF75-4CAA-872C-3F2DEE07B792}.Debug|Any CPU.ActiveCfg = Debug|Any CPU
		{8FA192B7-BF75-4CAA-872C-3F2DEE07B792}.Debug|Any CPU.Build.0 = Debug|Any CPU
		{8FA192B7-BF75-4CAA-872C-3F2DEE07B792}.Release|Any CPU.ActiveCfg = Release|Any CPU
		{8FA192B7-BF75-4CAA-872C-3F2DEE07B792}.Release|Any CPU.Build.0 = Release|Any CPU
		{AEBF90C7-91BD-4BF6-96DB-64F8AC81701E}.Debug|Any CPU.ActiveCfg = Debug|Any CPU
		{AEBF90C7-91BD-4BF6-96DB-64F8AC81701E}.Debug|Any CPU.Build.0 = Debug|Any CPU
		{AEBF90C7-91BD-4BF6-96DB-64F8AC81701E}.Release|Any CPU.ActiveCfg = Release|Any CPU
		{AEBF90C7-91BD-4BF6-96DB-64F8AC81701E}.Release|Any CPU.Build.0 = Release|Any CPU
		{9CA0F0D7-1DC5-4651-894D-C82289DCFBBB}.Debug|Any CPU.ActiveCfg = Debug|Any CPU
		{9CA0F0D7-1DC5-4651-894D-C82289DCFBBB}.Debug|Any CPU.Build.0 = Debug|Any CPU
		{9CA0F0D7-1DC5-4651-894D-C82289DCFBBB}.Release|Any CPU.ActiveCfg = Release|Any CPU
		{9CA0F0D7-1DC5-4651-894D-C82289DCFBBB}.Release|Any CPU.Build.0 = Release|Any CPU
		{249C45E7-B51C-4A79-B0F1-7C46BB66C26B}.Debug|Any CPU.ActiveCfg = Debug|Any CPU
		{249C45E7-B51C-4A79-B0F1-7C46BB66C26B}.Debug|Any CPU.Build.0 = Debug|Any CPU
		{249C45E7-B51C-4A79-B0F1-7C46BB66C26B}.Release|Any CPU.ActiveCfg = Release|Any CPU
		{249C45E7-B51C-4A79-B0F1-7C46BB66C26B}.Release|Any CPU.Build.0 = Release|Any CPU
	EndGlobalSection
	GlobalSection(SolutionProperties) = preSolution
		HideSolutionNode = FALSE
	EndGlobalSection
	GlobalSection(NestedProjects) = preSolution
		{D356C3DC-B2C4-4651-9459-1CB594E240CA} = {02EA681E-C7D8-13C7-8484-4AC65E1B71E8}
		{81B27D23-FEB2-4A78-8058-97CDA91DD5F1} = {02EA681E-C7D8-13C7-8484-4AC65E1B71E8}
		{8FA192B7-BF75-4CAA-872C-3F2DEE07B792} = {02EA681E-C7D8-13C7-8484-4AC65E1B71E8}
		{AEBF90C7-91BD-4BF6-96DB-64F8AC81701E} = {4940FA41-7084-4B01-B97F-E7D3540AC829}
		{9CA0F0D7-1DC5-4651-894D-C82289DCFBBB} = {4940FA41-7084-4B01-B97F-E7D3540AC829}
		{249C45E7-B51C-4A79-B0F1-7C46BB66C26B} = {4940FA41-7084-4B01-B97F-E7D3540AC829}
	EndGlobalSection
	GlobalSection(ExtensibilityGlobals) = postSolution
		SolutionGuid = {A3E367CE-40A2-42B8-AC92-1C6B64F03BDC}
	EndGlobalSection
EndGlobal
