
Microsoft Visual Studio Solution File, Format Version 12.00
# Visual Studio Version 17
VisualStudioVersion = 17.14.36518.9
MinimumVisualStudioVersion = 10.0.40219.1
Project("{FAE04EC0-301F-11D3-BF4B-00C04F79EFBC}") = "Tyuiu.LyzhinIN.Sprint1.Task0.V10.Test", "Tyuiu.LyzhinIN.Sprint1.Task0.V10.Test\Tyuiu.LyzhinIN.Sprint1.Task0.V10.Test.csproj", "{D356C3DC-B2C4-4651-9459-1CB594E240CA}"
EndProject
Project("{FAE04EC0-301F-11D3-BF4B-00C04F79EFBC}") = "Tyuiu.LyzhinIN.Sprint1.Task0.V10", "Tyuiu.LyzhinIN.Sprint1.Task0.V10\Tyuiu.LyzhinIN.Sprint1.Task0.V10.csproj", "{81B27D23-FEB2-4A78-8058-97CDA91DD5F1}"
EndProject
Project("{2150E333-8FDC-42A3-9474-1A3956D46DE8}") = "Task0", "Task0", "{02EA681E-C7D8-13C7-8484-4AC65E1B71E8}"
EndProject
Project("{FAE04EC0-301F-11D3-BF4B-00C04F79EFBC}") = "Tyuiu.LyzhinIN.Sprint1.Task0.V10.Lib", "Tyuiu.LyzhinIN.Sprint1.Task0.V10.Lib\Tyuiu.LyzhinIN.Sprint1.Task0.V10.Lib.csproj", "{8FA192B7-BF75-4CAA-872C-3F2DEE07B792}"
EndProject
Project("{2150E333-8FDC-42A3-9474-1A3956D46DE8}") = "Task1", "Task1", "{4940FA41-7084-4B01-B97F-E7D3540AC829}"
EndProject
Project("{FAE04EC0-301F-11D3-BF4B-00C04F79EFBC}") = "Tyuiu.LyzhinIN.Sprint1.Task1.V15", "Tyuiu.LyzhinIN.Sprint1.Task1.V15\Tyuiu.LyzhinIN.Sprint1.Task1.V15.csproj", "{AEBF90C7-91BD-4BF6-96DB-64F8AC81701E}"
EndProject
Project("{FAE04EC0-301F-11D3-BF4B-00C04F79EFBC}") = "Tyuiu.LyzhinIN.Sprint1.Task1.V15.Test", "Tyuiu.LyzhinIN.Sprint1.Task1.V15.Test\Tyuiu.LyzhinIN.Sprint1.Task1.V15.Test.csproj", "{9CA0F0D7-1DC5-4651-894D-C82289DCFBBB}"
EndProject
Project("{FAE04EC0-301F-11D3-BF4B-00C04F79EFBC}") = "Tyuiu.LyzhinIN.Sprint1.Task1.V15.Lib", "Tyuiu.LyzhinIN.Sprint1.Task1.V15.Lib\Tyuiu.LyzhinIN.Sprint1.Task1.V15.Lib.csproj", "{249C45E7-B51C-4A79-B0F1-7C46BB66C26B}"
EndProject
Project("{2150E333-8FDC-42A3-9474-1A3956D46DE8}") = "Task2", "Task2", "{76B88AF3-A50A-4B32-BFCC-750CE905244A}"
EndProject
Project("{FAE04EC0-301F-11D3-BF4B-00C04F79EFBC}") = "Tyuiu.LyzhinIN.Sprint1.Task2.V3", "Tyuiu.LyzhinIN.Sprint1.Task2.V3\Tyuiu.LyzhinIN.Sprint1.Task2.V3.csproj", "{2A7C7820-1940-4B5D-B820-85252CA065A7}"
EndProject
Project("{FAE04EC0-301F-11D3-BF4B-00C04F79EFBC}") = "Tyuiu.LyzhinIN.Sprint1.Task2.V3.Test", "Tyuiu.LyzhinIN.Sprint1.Task2.V3.Test\Tyuiu.LyzhinIN.Sprint1.Task2.V3.Test.csproj", "{85E2BF74-01CB-426F-B795-9C5B784ADC54}"
EndProject
Project("{FAE04EC0-301F-11D3-BF4B-00C04F79EFBC}") = "Tyuiu.LyzhinIN.Sprint1.Task2.V3.Lib", "Tyuiu.LyzhinIN.Sprint1.Task2.V3.Lib\Tyuiu.LyzhinIN.Sprint1.Task2.V3.Lib.csproj", "{DF0C7149-BF6D-40C1-BDF3-39DBF4CA0E94}"
EndProject
Project("{2150E333-8FDC-42A3-9474-1A3956D46DE8}") = "Task3", "Task3", "{7FF72325-DE36-419C-8B2F-5D589481C9D1}"
EndProject
Project("{FAE04EC0-301F-11D3-BF4B-00C04F79EFBC}") = "Tyuiu.LyzhinIN.Sprint1.Task3.V15", "Tyuiu.LyzhinIN.Sprint1.Task3.V15\Tyuiu.LyzhinIN.Sprint1.Task3.V15.csproj", "{46F4268D-9C64-4291-8E5C-AB9CC6CC68F4}"
EndProject
Project("{FAE04EC0-301F-11D3-BF4B-00C04F79EFBC}") = "Tyuiu.LyzhinIN.Sprint1.Task3.V15.Lib", "Tyuiu.LyzhinIN.Sprint1.Task3.V15.Lib\Tyuiu.LyzhinIN.Sprint1.Task3.V15.Lib.csproj", "{57F0C451-20CA-4946-B3E2-7EC21AA62830}"
EndProject
Project("{FAE04EC0-301F-11D3-BF4B-00C04F79EFBC}") = "Tyuiu.LyzhinIN.Sprint1.Task3.V15.Test", "Tyuiu.LyzhinIN.Sprint1.Task3.V15.Test\Tyuiu.LyzhinIN.Sprint1.Task3.V15.Test.csproj", "{9F2E1FD7-10AB-4FDA-BCC4-3533EC8BC900}"
EndProject
Global
	GlobalSection(SolutionConfigurationPlatforms) = preSolution
		Debug|Any CPU = Debug|Any CPU
		Release|Any CPU = Release|Any CPU
	EndGlobalSection
	GlobalSection(ProjectConfigurationPlatforms) = postSolution
		{D356C3DC-B2C4-4651-9459-1CB594E240CA}.Debug|Any CPU.ActiveCfg = Debug|Any CPU
		{D356C3DC-B2C4-4651-9459-1CB594E240CA}.Debug|Any CPU.Build.0 = Debug|Any CPU
		{D356C3DC-B2C4-4651-9459-1CB594E240CA}.Release|Any CPU.ActiveCfg = Release|Any CPU
		{D356C3DC-B2C4-4651-9459-1CB594E240CA}.Release|Any CPU.Build.0 = Release|Any CPU
		{81B27D23-FEB2-4A78-8058-97CDA91DD5F1}.Debug|Any CPU.ActiveCfg = Debug|Any CPU
		{81B27D23-FEB2-4A78-8058-97CDA91DD5F1}.Debug|Any CPU.Build.0 = Debug|Any CPU
		{81B27D23-FEB2-4A78-8058-97CDA91DD5F1}.Release|Any CPU.ActiveCfg = Release|Any CPU
		{81B27D23-FEB2-4A78-8058-97CDA91DD5F1}.Release|Any CPU.Build.0 = Release|Any CPU
		{8FA192B7-BF75-4CAA-872C-3F2DEE07B792}.Debug|Any CPU.ActiveCfg = Debug|Any CPU
		{8FA192B7-BF75-4CAA-872C-3F2DEE07B792}.Debug|Any CPU.Build.0 = Debug|Any CPU
		{8FA192B7-BF75-4CAA-872C-3F2DEE07B792}.Release|Any CPU.ActiveCfg = Release|Any CPU
		{8FA192B7-BF75-4CAA-872C-3F2DEE07B792}.Release|Any CPU.Build.0 = Release|Any CPU
		{AEBF90C7-91BD-4BF6-96DB-64F8AC81701E}.Debug|Any CPU.ActiveCfg = Debug|Any CPU
		{AEBF90C7-91BD-4BF6-96DB-64F8AC81701E}.Debug|Any CPU.Build.0 = Debug|Any CPU
		{AEBF90C7-91BD-4BF6-96DB-64F8AC81701E}.Release|Any CPU.ActiveCfg = Release|Any CPU
		{AEBF90C7-91BD-4BF6-96DB-64F8AC81701E}.Release|Any CPU.Build.0 = Release|Any CPU
		{9CA0F0D7-1DC5-4651-894D-C82289DCFBBB}.Debug|Any CPU.ActiveCfg = Debug|Any CPU
		{9CA0F0D7-1DC5-4651-894D-C82289DCFBBB}.Debug|Any CPU.Build.0 = Debug|Any CPU
		{9CA0F0D7-1DC5-4651-894D-C82289DCFBBB}.Release|Any CPU.ActiveCfg = Release|Any CPU
		{9CA0F0D7-1DC5-4651-894D-C82289DCFBBB}.Release|Any CPU.Build.0 = Release|Any CPU
		{249C45E7-B51C-4A79-B0F1-7C46BB66C26B}.Debug|Any CPU.ActiveCfg = Debug|Any CPU
		{249C45E7-B51C-4A79-B0F1-7C46BB66C26B}.Debug|Any CPU.Build.0 = Debug|Any CPU
		{249C45E7-B51C-4A79-B0F1-7C46BB66C26B}.Release|Any CPU.ActiveCfg = Release|Any CPU
		{249C45E7-B51C-4A79-B0F1-7C46BB66C26B}.Release|Any CPU.Build.0 = Release|Any CPU
		{2A7C7820-1940-4B5D-B820-85252CA065A7}.Debug|Any CPU.ActiveCfg = Debug|Any CPU
		{2A7C7820-1940-4B5D-B820-85252CA065A7}.Debug|Any CPU.Build.0 = Debug|Any CPU
		{2A7C7820-1940-4B5D-B820-85252CA065A7}.Release|Any CPU.ActiveCfg = Release|Any CPU
		{2A7C7820-1940-4B5D-B820-85252CA065A7}.Release|Any CPU.Build.0 = Release|Any CPU
		{85E2BF74-01CB-426F-B795-9C5B784ADC54}.Debug|Any CPU.ActiveCfg = Debug|Any CPU
		{85E2BF74-01CB-426F-B795-9C5B784ADC54}.Debug|Any CPU.Build.0 = Debug|Any CPU
		{85E2BF74-01CB-426F-B795-9C5B784ADC54}.Release|Any CPU.ActiveCfg = Release|Any CPU
		{85E2BF74-01CB-426F-B795-9C5B784ADC54}.Release|Any CPU.Build.0 = Release|Any CPU
		{DF0C7149-BF6D-40C1-BDF3-39DBF4CA0E94}.Debug|Any CPU.ActiveCfg = Debug|Any CPU
		{DF0C7149-BF6D-40C1-BDF3-39DBF4CA0E94}.Debug|Any CPU.Build.0 = Debug|Any CPU
		{DF0C7149-BF6D-40C1-BDF3-39DBF4CA0E94}.Release|Any CPU.ActiveCfg = Release|Any CPU
		{DF0C7149-BF6D-40C1-BDF3-39DBF4CA0E94}.Release|Any CPU.Build.0 = Release|Any CPU
		{46F4268D-9C64-4291-8E5C-AB9CC6CC68F4}.Debug|Any CPU.ActiveCfg = Debug|Any CPU
		{46F4268D-9C64-4291-8E5C-AB9CC6CC68F4}.Debug|Any CPU.Build.0 = Debug|Any CPU
		{46F4268D-9C64-4291-8E5C-AB9CC6CC68F4}.Release|Any CPU.ActiveCfg = Release|Any CPU
		{46F4268D-9C64-4291-8E5C-AB9CC6CC68F4}.Release|Any CPU.Build.0 = Release|Any CPU
		{57F0C451-20CA-4946-B3E2-7EC21AA62830}.Debug|Any CPU.ActiveCfg = Debug|Any CPU
		{57F0C451-20CA-4946-B3E2-7EC21AA62830}.Debug|Any CPU.Build.0 = Debug|Any CPU
		{57F0C451-20CA-4946-B3E2-7EC21AA62830}.Release|Any CPU.ActiveCfg = Release|Any CPU
		{57F0C451-20CA-4946-B3E2-7EC21AA62830}.Release|Any CPU.Build.0 = Release|Any CPU
		{9F2E1FD7-10AB-4FDA-BCC4-3533EC8BC900}.Debug|Any CPU.ActiveCfg = Debug|Any CPU
		{9F2E1FD7-10AB-4FDA-BCC4-3533EC8BC900}.Debug|Any CPU.Build.0 = Debug|Any CPU
		{9F2E1FD7-10AB-4FDA-BCC4-3533EC8BC900}.Release|Any CPU.ActiveCfg = Release|Any CPU
		{9F2E1FD7-10AB-4FDA-BCC4-3533EC8BC900}.Release|Any CPU.Build.0 = Release|Any CPU
	EndGlobalSection
	GlobalSection(SolutionProperties) = preSolution
		HideSolutionNode = FALSE
	EndGlobalSection
	GlobalSection(NestedProjects) = preSolution
		{D356C3DC-B2C4-4651-9459-1CB594E240CA} = {02EA681E-C7D8-13C7-8484-4AC65E1B71E8}
		{81B27D23-FEB2-4A78-8058-97CDA91DD5F1} = {02EA681E-C7D8-13C7-8484-4AC65E1B71E8}
		{8FA192B7-BF75-4CAA-872C-3F2DEE07B792} = {02EA681E-C7D8-13C7-8484-4AC65E1B71E8}
		{AEBF90C7-91BD-4BF6-96DB-64F8AC81701E} = {4940FA41-7084-4B01-B97F-E7D3540AC829}
		{9CA0F0D7-1DC5-4651-894D-C82289DCFBBB} = {4940FA41-7084-4B01-B97F-E7D3540AC829}
		{249C45E7-B51C-4A79-B0F1-7C46BB66C26B} = {4940FA41-7084-4B01-B97F-E7D3540AC829}
		{2A7C7820-1940-4B5D-B820-85252CA065A7} = {76B88AF3-A50A-4B32-BFCC-750CE905244A}
		{85E2BF74-01CB-426F-B795-9C5B784ADC54} = {76B88AF3-A50A-4B32-BFCC-750CE905244A}
		{DF0C7149-BF6D-40C1-BDF3-39DBF4CA0E94} = {76B88AF3-A50A-4B32-BFCC-750CE905244A}
		{46F4268D-9C64-4291-8E5C-AB9CC6CC68F4} = {7FF72325-DE36-419C-8B2F-5D589481C9D1}
		{57F0C451-20CA-4946-B3E2-7EC21AA62830} = {7FF72325-DE36-419C-8B2F-5D589481C9D1}
		{9F2E1FD7-10AB-4FDA-BCC4-3533EC8BC900} = {7FF72325-DE36-419C-8B2F-5D589481C9D1}
	EndGlobalSection
	GlobalSection(ExtensibilityGlobals) = postSolution
		SolutionGuid = {A3E367CE-40A2-42B8-AC92-1C6B64F03BDC}
	EndGlobalSection
EndGlobal
